
Microsoft Visual Studio Solution File, Format Version 12.00
Project("{FAE04EC0-301F-11D3-BF4B-00C04F79EFBC}") = "API", "API\API.csproj", "{8283C8E7-5CA1-4AF3-A4DB-4922F9186C9A}"
EndProject
Project("{FAE04EC0-301F-11D3-BF4B-00C04F79EFBC}") = "Dal", "Dal\Dal.csproj", "{C0035BE3-FC47-4C61-9348-5E7093C9266E}"
EndProject
Project("{FAE04EC0-301F-11D3-BF4B-00C04F79EFBC}") = "Logic", "Logic\Logic.csproj", "{6A5EBAA0-8DE6-49A2-9AD0-8F183F6BE23A}"
EndProject
Global
	GlobalSection(SolutionConfigurationPlatforms) = preSolution
		Debug|Any CPU = Debug|Any CPU
		Release|Any CPU = Release|Any CPU
	EndGlobalSection
	GlobalSection(ProjectConfigurationPlatforms) = postSolution
		{8283C8E7-5CA1-4AF3-A4DB-4922F9186C9A}.Debug|Any CPU.ActiveCfg = Debug|Any CPU
		{8283C8E7-5CA1-4AF3-A4DB-4922F9186C9A}.Debug|Any CPU.Build.0 = Debug|Any CPU
		{8283C8E7-5CA1-4AF3-A4DB-4922F9186C9A}.Release|Any CPU.ActiveCfg = Release|Any CPU
		{8283C8E7-5CA1-4AF3-A4DB-4922F9186C9A}.Release|Any CPU.Build.0 = Release|Any CPU
		{C0035BE3-FC47-4C61-9348-5E7093C9266E}.Debug|Any CPU.ActiveCfg = Debug|Any CPU
		{C0035BE3-FC47-4C61-9348-5E7093C9266E}.Debug|Any CPU.Build.0 = Debug|Any CPU
		{C0035BE3-FC47-4C61-9348-5E7093C9266E}.Release|Any CPU.ActiveCfg = Release|Any CPU
		{C0035BE3-FC47-4C61-9348-5E7093C9266E}.Release|Any CPU.Build.0 = Release|Any CPU
		{6A5EBAA0-8DE6-49A2-9AD0-8F183F6BE23A}.Debug|Any CPU.ActiveCfg = Debug|Any CPU
		{6A5EBAA0-8DE6-49A2-9AD0-8F183F6BE23A}.Debug|Any CPU.Build.0 = Debug|Any CPU
		{6A5EBAA0-8DE6-49A2-9AD0-8F183F6BE23A}.Release|Any CPU.ActiveCfg = Release|Any CPU
		{6A5EBAA0-8DE6-49A2-9AD0-8F183F6BE23A}.Release|Any CPU.Build.0 = Release|Any CPU
	EndGlobalSection
EndGlobal
